// !$*UTF8*$!
{
	archiveVersion = 1;
	classes = {
	};
	objectVersion = 77;
	objects = {

/* Begin PBXContainerItemProxy section */
		4972DE732D4EA34F00F0751D /* PBXContainerItemProxy */ = {
			isa = PBXContainerItemProxy;
			containerPortal = 4972DE5A2D4EA34E00F0751D /* Project object */;
			proxyType = 1;
			remoteGlobalIDString = 4972DE612D4EA34E00F0751D;
			remoteInfo = ForgetLess;
		};
		4972DE7D2D4EA34F00F0751D /* PBXContainerItemProxy */ = {
			isa = PBXContainerItemProxy;
			containerPortal = 4972DE5A2D4EA34E00F0751D /* Project object */;
			proxyType = 1;
			remoteGlobalIDString = 4972DE612D4EA34E00F0751D;
			remoteInfo = ForgetLess;
		};
/* End PBXContainerItemProxy section */

/* Begin PBXFileReference section */
		4972DE622D4EA34E00F0751D /* ForgetLess.app */ = {isa = PBXFileReference; explicitFileType = wrapper.application; includeInIndex = 0; path = ForgetLess.app; sourceTree = BUILT_PRODUCTS_DIR; };
		4972DE722D4EA34F00F0751D /* ForgetLessTests.xctest */ = {isa = PBXFileReference; explicitFileType = wrapper.cfbundle; includeInIndex = 0; path = ForgetLessTests.xctest; sourceTree = BUILT_PRODUCTS_DIR; };
		4972DE7C2D4EA34F00F0751D /* ForgetLessUITests.xctest */ = {isa = PBXFileReference; explicitFileType = wrapper.cfbundle; includeInIndex = 0; path = ForgetLessUITests.xctest; sourceTree = BUILT_PRODUCTS_DIR; };
/* End PBXFileReference section */

/* Begin PBXFileSystemSynchronizedBuildFileExceptionSet section */
		49B58FC32D4FC7B600DF4E73 /* Exceptions for "ForgetLess" folder in "ForgetLess" target */ = {
			isa = PBXFileSystemSynchronizedBuildFileExceptionSet;
			membershipExceptions = (
				Info.plist,
			);
			target = 4972DE612D4EA34E00F0751D /* ForgetLess */;
		};
/* End PBXFileSystemSynchronizedBuildFileExceptionSet section */

/* Begin PBXFileSystemSynchronizedRootGroup section */
		4972DE642D4EA34E00F0751D /* ForgetLess */ = {
			isa = PBXFileSystemSynchronizedRootGroup;
			exceptions = (
				49B58FC32D4FC7B600DF4E73 /* Exceptions for "ForgetLess" folder in "ForgetLess" target */,
			);
			path = ForgetLess;
			sourceTree = "<group>";
		};
		4972DE752D4EA34F00F0751D /* ForgetLessTests */ = {
			isa = PBXFileSystemSynchronizedRootGroup;
			path = ForgetLessTests;
			sourceTree = "<group>";
		};
		4972DE7F2D4EA34F00F0751D /* ForgetLessUITests */ = {
			isa = PBXFileSystemSynchronizedRootGroup;
			path = ForgetLessUITests;
			sourceTree = "<group>";
		};
/* End PBXFileSystemSynchronizedRootGroup section */

/* Begin PBXFrameworksBuildPhase section */
		4972DE5F2D4EA34E00F0751D /* Frameworks */ = {
			isa = PBXFrameworksBuildPhase;
			buildActionMask = 2147483647;
			files = (
			);
			runOnlyForDeploymentPostprocessing = 0;
		};
		4972DE6F2D4EA34F00F0751D /* Frameworks */ = {
			isa = PBXFrameworksBuildPhase;
			buildActionMask = 2147483647;
			files = (
			);
			runOnlyForDeploymentPostprocessing = 0;
		};
		4972DE792D4EA34F00F0751D /* Frameworks */ = {
			isa = PBXFrameworksBuildPhase;
			buildActionMask = 2147483647;
			files = (
			);
			runOnlyForDeploymentPostprocessing = 0;
		};
/* End PBXFrameworksBuildPhase section */

/* Begin PBXGroup section */
		4972DE592D4EA34E00F0751D = {
			isa = PBXGroup;
			children = (
				4972DE642D4EA34E00F0751D /* ForgetLess */,
				4972DE752D4EA34F00F0751D /* ForgetLessTests */,
				4972DE7F2D4EA34F00F0751D /* ForgetLessUITests */,
				4972DE632D4EA34E00F0751D /* Products */,
			);
			sourceTree = "<group>";
		};
		4972DE632D4EA34E00F0751D /* Products */ = {
			isa = PBXGroup;
			children = (
				4972DE622D4EA34E00F0751D /* ForgetLess.app */,
				4972DE722D4EA34F00F0751D /* ForgetLessTests.xctest */,
				4972DE7C2D4EA34F00F0751D /* ForgetLessUITests.xctest */,
			);
			name = Products;
			sourceTree = "<group>";
		};
/* End PBXGroup section */

/* Begin PBXNativeTarget section */
		4972DE612D4EA34E00F0751D /* ForgetLess */ = {
			isa = PBXNativeTarget;
			buildConfigurationList = 4972DE862D4EA34F00F0751D /* Build configuration list for PBXNativeTarget "ForgetLess" */;
			buildPhases = (
				4972DE5E2D4EA34E00F0751D /* Sources */,
				4972DE5F2D4EA34E00F0751D /* Frameworks */,
				4972DE602D4EA34E00F0751D /* Resources */,
			);
			buildRules = (
			);
			dependencies = (
			);
			fileSystemSynchronizedGroups = (
				4972DE642D4EA34E00F0751D /* ForgetLess */,
			);
			name = ForgetLess;
			packageProductDependencies = (
			);
			productName = ForgetLess;
			productReference = 4972DE622D4EA34E00F0751D /* ForgetLess.app */;
			productType = "com.apple.product-type.application";
		};
		4972DE712D4EA34F00F0751D /* ForgetLessTests */ = {
			isa = PBXNativeTarget;
			buildConfigurationList = 4972DE892D4EA34F00F0751D /* Build configuration list for PBXNativeTarget "ForgetLessTests" */;
			buildPhases = (
				4972DE6E2D4EA34F00F0751D /* Sources */,
				4972DE6F2D4EA34F00F0751D /* Frameworks */,
				4972DE702D4EA34F00F0751D /* Resources */,
			);
			buildRules = (
			);
			dependencies = (
				4972DE742D4EA34F00F0751D /* PBXTargetDependency */,
			);
			fileSystemSynchronizedGroups = (
				4972DE752D4EA34F00F0751D /* ForgetLessTests */,
			);
			name = ForgetLessTests;
			packageProductDependencies = (
			);
			productName = ForgetLessTests;
			productReference = 4972DE722D4EA34F00F0751D /* ForgetLessTests.xctest */;
			productType = "com.apple.product-type.bundle.unit-test";
		};
		4972DE7B2D4EA34F00F0751D /* ForgetLessUITests */ = {
			isa = PBXNativeTarget;
			buildConfigurationList = 4972DE8C2D4EA34F00F0751D /* Build configuration list for PBXNativeTarget "ForgetLessUITests" */;
			buildPhases = (
				4972DE782D4EA34F00F0751D /* Sources */,
				4972DE792D4EA34F00F0751D /* Frameworks */,
				4972DE7A2D4EA34F00F0751D /* Resources */,
			);
			buildRules = (
			);
			dependencies = (
				4972DE7E2D4EA34F00F0751D /* PBXTargetDependency */,
			);
			fileSystemSynchronizedGroups = (
				4972DE7F2D4EA34F00F0751D /* ForgetLessUITests */,
			);
			name = ForgetLessUITests;
			packageProductDependencies = (
			);
			productName = ForgetLessUITests;
			productReference = 4972DE7C2D4EA34F00F0751D /* ForgetLessUITests.xctest */;
			productType = "com.apple.product-type.bundle.ui-testing";
		};
/* End PBXNativeTarget section */

/* Begin PBXProject section */
		4972DE5A2D4EA34E00F0751D /* Project object */ = {
			isa = PBXProject;
			attributes = {
				BuildIndependentTargetsInParallel = 1;
				LastSwiftUpdateCheck = 1620;
				LastUpgradeCheck = 1620;
				TargetAttributes = {
					4972DE612D4EA34E00F0751D = {
						CreatedOnToolsVersion = 16.2;
					};
					4972DE712D4EA34F00F0751D = {
						CreatedOnToolsVersion = 16.2;
						TestTargetID = 4972DE612D4EA34E00F0751D;
					};
					4972DE7B2D4EA34F00F0751D = {
						CreatedOnToolsVersion = 16.2;
						TestTargetID = 4972DE612D4EA34E00F0751D;
					};
				};
			};
			buildConfigurationList = 4972DE5D2D4EA34E00F0751D /* Build configuration list for PBXProject "ForgetLess" */;
			developmentRegion = en;
			hasScannedForEncodings = 0;
			knownRegions = (
				en,
				Base,
			);
			mainGroup = 4972DE592D4EA34E00F0751D;
			minimizedProjectReferenceProxies = 1;
			preferredProjectObjectVersion = 77;
			productRefGroup = 4972DE632D4EA34E00F0751D /* Products */;
			projectDirPath = "";
			projectRoot = "";
			targets = (
				4972DE612D4EA34E00F0751D /* ForgetLess */,
				4972DE712D4EA34F00F0751D /* ForgetLessTests */,
				4972DE7B2D4EA34F00F0751D /* ForgetLessUITests */,
			);
		};
/* End PBXProject section */

/* Begin PBXResourcesBuildPhase section */
		4972DE602D4EA34E00F0751D /* Resources */ = {
			isa = PBXResourcesBuildPhase;
			buildActionMask = 2147483647;
			files = (
			);
			runOnlyForDeploymentPostprocessing = 0;
		};
		4972DE702D4EA34F00F0751D /* Resources */ = {
			isa = PBXResourcesBuildPhase;
			buildActionMask = 2147483647;
			files = (
			);
			runOnlyForDeploymentPostprocessing = 0;
		};
		4972DE7A2D4EA34F00F0751D /* Resources */ = {
			isa = PBXResourcesBuildPhase;
			buildActionMask = 2147483647;
			files = (
			);
			runOnlyForDeploymentPostprocessing = 0;
		};
/* End PBXResourcesBuildPhase section */

/* Begin PBXSourcesBuildPhase section */
		4972DE5E2D4EA34E00F0751D /* Sources */ = {
			isa = PBXSourcesBuildPhase;
			buildActionMask = 2147483647;
			files = (
			);
			runOnlyForDeploymentPostprocessing = 0;
		};
		4972DE6E2D4EA34F00F0751D /* Sources */ = {
			isa = PBXSourcesBuildPhase;
			buildActionMask = 2147483647;
			files = (
			);
			runOnlyForDeploymentPostprocessing = 0;
		};
		4972DE782D4EA34F00F0751D /* Sources */ = {
			isa = PBXSourcesBuildPhase;
			buildActionMask = 2147483647;
			files = (
			);
			runOnlyForDeploymentPostprocessing = 0;
		};
/* End PBXSourcesBuildPhase section */

/* Begin PBXTargetDependency section */
		4972DE742D4EA34F00F0751D /* PBXTargetDependency */ = {
			isa = PBXTargetDependency;
			target = 4972DE612D4EA34E00F0751D /* ForgetLess */;
			targetProxy = 4972DE732D4EA34F00F0751D /* PBXContainerItemProxy */;
		};
		4972DE7E2D4EA34F00F0751D /* PBXTargetDependency */ = {
			isa = PBXTargetDependency;
			target = 4972DE612D4EA34E00F0751D /* ForgetLess */;
			targetProxy = 4972DE7D2D4EA34F00F0751D /* PBXContainerItemProxy */;
		};
/* End PBXTargetDependency section */

/* Begin XCBuildConfiguration section */
		4972DE842D4EA34F00F0751D /* Debug */ = {
			isa = XCBuildConfiguration;
			buildSettings = {
				ALWAYS_SEARCH_USER_PATHS = NO;
				ASSETCATALOG_COMPILER_GENERATE_SWIFT_ASSET_SYMBOL_EXTENSIONS = YES;
				CLANG_ANALYZER_NONNULL = YES;
				CLANG_ANALYZER_NUMBER_OBJECT_CONVERSION = YES_AGGRESSIVE;
				CLANG_CXX_LANGUAGE_STANDARD = "gnu++20";
				CLANG_ENABLE_MODULES = YES;
				CLANG_ENABLE_OBJC_ARC = YES;
				CLANG_ENABLE_OBJC_WEAK = YES;
				CLANG_WARN_BLOCK_CAPTURE_AUTORELEASING = YES;
				CLANG_WARN_BOOL_CONVERSION = YES;
				CLANG_WARN_COMMA = YES;
				CLANG_WARN_CONSTANT_CONVERSION = YES;
				CLANG_WARN_DEPRECATED_OBJC_IMPLEMENTATIONS = YES;
				CLANG_WARN_DIRECT_OBJC_ISA_USAGE = YES_ERROR;
				CLANG_WARN_DOCUMENTATION_COMMENTS = YES;
				CLANG_WARN_EMPTY_BODY = YES;
				CLANG_WARN_ENUM_CONVERSION = YES;
				CLANG_WARN_INFINITE_RECURSION = YES;
				CLANG_WARN_INT_CONVERSION = YES;
				CLANG_WARN_NON_LITERAL_NULL_CONVERSION = YES;
				CLANG_WARN_OBJC_IMPLICIT_RETAIN_SELF = YES;
				CLANG_WARN_OBJC_LITERAL_CONVERSION = YES;
				CLANG_WARN_OBJC_ROOT_CLASS = YES_ERROR;
				CLANG_WARN_QUOTED_INCLUDE_IN_FRAMEWORK_HEADER = YES;
				CLANG_WARN_RANGE_LOOP_ANALYSIS = YES;
				CLANG_WARN_STRICT_PROTOTYPES = YES;
				CLANG_WARN_SUSPICIOUS_MOVE = YES;
				CLANG_WARN_UNGUARDED_AVAILABILITY = YES_AGGRESSIVE;
				CLANG_WARN_UNREACHABLE_CODE = YES;
				CLANG_WARN__DUPLICATE_METHOD_MATCH = YES;
				COPY_PHASE_STRIP = NO;
				DEBUG_INFORMATION_FORMAT = dwarf;
				ENABLE_STRICT_OBJC_MSGSEND = YES;
				ENABLE_TESTABILITY = YES;
				ENABLE_USER_SCRIPT_SANDBOXING = YES;
				GCC_C_LANGUAGE_STANDARD = gnu17;
				GCC_DYNAMIC_NO_PIC = NO;
				GCC_NO_COMMON_BLOCKS = YES;
				GCC_OPTIMIZATION_LEVEL = 0;
				GCC_PREPROCESSOR_DEFINITIONS = (
					"DEBUG=1",
					"$(inherited)",
				);
				GCC_WARN_64_TO_32_BIT_CONVERSION = YES;
				GCC_WARN_ABOUT_RETURN_TYPE = YES_ERROR;
				GCC_WARN_UNDECLARED_SELECTOR = YES;
				GCC_WARN_UNINITIALIZED_AUTOS = YES_AGGRESSIVE;
				GCC_WARN_UNUSED_FUNCTION = YES;
				GCC_WARN_UNUSED_VARIABLE = YES;
				IPHONEOS_DEPLOYMENT_TARGET = 18.2;
				LOCALIZATION_PREFERS_STRING_CATALOGS = YES;
				MTL_ENABLE_DEBUG_INFO = INCLUDE_SOURCE;
				MTL_FAST_MATH = YES;
				ONLY_ACTIVE_ARCH = YES;
				SDKROOT = iphoneos;
				SWIFT_ACTIVE_COMPILATION_CONDITIONS = "DEBUG $(inherited)";
				SWIFT_OPTIMIZATION_LEVEL = "-Onone";
			};
			name = Debug;
		};
		4972DE852D4EA34F00F0751D /* Release */ = {
			isa = XCBuildConfiguration;
			buildSettings = {
				ALWAYS_SEARCH_USER_PATHS = NO;
				ASSETCATALOG_COMPILER_GENERATE_SWIFT_ASSET_SYMBOL_EXTENSIONS = YES;
				CLANG_ANALYZER_NONNULL = YES;
				CLANG_ANALYZER_NUMBER_OBJECT_CONVERSION = YES_AGGRESSIVE;
				CLANG_CXX_LANGUAGE_STANDARD = "gnu++20";
				CLANG_ENABLE_MODULES = YES;
				CLANG_ENABLE_OBJC_ARC = YES;
				CLANG_ENABLE_OBJC_WEAK = YES;
				CLANG_WARN_BLOCK_CAPTURE_AUTORELEASING = YES;
				CLANG_WARN_BOOL_CONVERSION = YES;
				CLANG_WARN_COMMA = YES;
				CLANG_WARN_CONSTANT_CONVERSION = YES;
				CLANG_WARN_DEPRECATED_OBJC_IMPLEMENTATIONS = YES;
				CLANG_WARN_DIRECT_OBJC_ISA_USAGE = YES_ERROR;
				CLANG_WARN_DOCUMENTATION_COMMENTS = YES;
				CLANG_WARN_EMPTY_BODY = YES;
				CLANG_WARN_ENUM_CONVERSION = YES;
				CLANG_WARN_INFINITE_RECURSION = YES;
				CLANG_WARN_INT_CONVERSION = YES;
				CLANG_WARN_NON_LITERAL_NULL_CONVERSION = YES;
				CLANG_WARN_OBJC_IMPLICIT_RETAIN_SELF = YES;
				CLANG_WARN_OBJC_LITERAL_CONVERSION = YES;
				CLANG_WARN_OBJC_ROOT_CLASS = YES_ERROR;
				CLANG_WARN_QUOTED_INCLUDE_IN_FRAMEWORK_HEADER = YES;
				CLANG_WARN_RANGE_LOOP_ANALYSIS = YES;
				CLANG_WARN_STRICT_PROTOTYPES = YES;
				CLANG_WARN_SUSPICIOUS_MOVE = YES;
				CLANG_WARN_UNGUARDED_AVAILABILITY = YES_AGGRESSIVE;
				CLANG_WARN_UNREACHABLE_CODE = YES;
				CLANG_WARN__DUPLICATE_METHOD_MATCH = YES;
				COPY_PHASE_STRIP = NO;
				DEBUG_INFORMATION_FORMAT = "dwarf-with-dsym";
				ENABLE_NS_ASSERTIONS = NO;
				ENABLE_STRICT_OBJC_MSGSEND = YES;
				ENABLE_USER_SCRIPT_SANDBOXING = YES;
				GCC_C_LANGUAGE_STANDARD = gnu17;
				GCC_NO_COMMON_BLOCKS = YES;
				GCC_WARN_64_TO_32_BIT_CONVERSION = YES;
				GCC_WARN_ABOUT_RETURN_TYPE = YES_ERROR;
				GCC_WARN_UNDECLARED_SELECTOR = YES;
				GCC_WARN_UNINITIALIZED_AUTOS = YES_AGGRESSIVE;
				GCC_WARN_UNUSED_FUNCTION = YES;
				GCC_WARN_UNUSED_VARIABLE = YES;
				IPHONEOS_DEPLOYMENT_TARGET = 18.2;
				LOCALIZATION_PREFERS_STRING_CATALOGS = YES;
				MTL_ENABLE_DEBUG_INFO = NO;
				MTL_FAST_MATH = YES;
				SDKROOT = iphoneos;
				SWIFT_COMPILATION_MODE = wholemodule;
				VALIDATE_PRODUCT = YES;
			};
			name = Release;
		};
		4972DE872D4EA34F00F0751D /* Debug */ = {
			isa = XCBuildConfiguration;
			buildSettings = {
				ASSETCATALOG_COMPILER_APPICON_NAME = AppIcon;
				ASSETCATALOG_COMPILER_GLOBAL_ACCENT_COLOR_NAME = AccentColor;
				CODE_SIGN_STYLE = Automatic;
				CURRENT_PROJECT_VERSION = 1;
				DEVELOPMENT_ASSET_PATHS = "\"ForgetLess/Preview Content\"";
				DEVELOPMENT_TEAM = CP7QJ3G8V3;
				ENABLE_PREVIEWS = YES;
				GENERATE_INFOPLIST_FILE = YES;
				INFOPLIST_FILE = ForgetLess/Info.plist;
				INFOPLIST_KEY_UIApplicationSupportsIndirectInputEvents = YES;
				INFOPLIST_KEY_UILaunchScreen_Generation = YES;
				INFOPLIST_KEY_UIStatusBarStyle = UIStatusBarStyleDarkContent;
				INFOPLIST_KEY_UISupportedInterfaceOrientations_iPad = "UIInterfaceOrientationPortrait UIInterfaceOrientationPortraitUpsideDown UIInterfaceOrientationLandscapeLeft UIInterfaceOrientationLandscapeRight";
				INFOPLIST_KEY_UISupportedInterfaceOrientations_iPhone = "UIInterfaceOrientationPortrait UIInterfaceOrientationLandscapeLeft UIInterfaceOrientationLandscapeRight";
				IPHONEOS_DEPLOYMENT_TARGET = 17.0;
				LD_RUNPATH_SEARCH_PATHS = (
					"$(inherited)",
					"@executable_path/Frameworks",
				);
				MARKETING_VERSION = 1.0;
				PRODUCT_BUNDLE_IDENTIFIER = com.andrew.ForgetLess;
				PRODUCT_NAME = "$(TARGET_NAME)";
				SWIFT_EMIT_LOC_STRINGS = YES;
				SWIFT_UPCOMING_FEATURE_EXISTENTIAL_ANY = YES;
				SWIFT_UPCOMING_FEATURE_INTERNAL_IMPORTS_BY_DEFAULT = YES;
				SWIFT_VERSION = 6.0;
				TARGETED_DEVICE_FAMILY = "1,2";
			};
			name = Debug;
		};
		4972DE882D4EA34F00F0751D /* Release */ = {
			isa = XCBuildConfiguration;
			buildSettings = {
				ASSETCATALOG_COMPILER_APPICON_NAME = AppIcon;
				ASSETCATALOG_COMPILER_GLOBAL_ACCENT_COLOR_NAME = AccentColor;
				CODE_SIGN_STYLE = Automatic;
				CURRENT_PROJECT_VERSION = 1;
				DEVELOPMENT_ASSET_PATHS = "\"ForgetLess/Preview Content\"";
				DEVELOPMENT_TEAM = CP7QJ3G8V3;
				ENABLE_PREVIEWS = YES;
				GENERATE_INFOPLIST_FILE = YES;
				INFOPLIST_FILE = ForgetLess/Info.plist;
				INFOPLIST_KEY_UIApplicationSupportsIndirectInputEvents = YES;
				INFOPLIST_KEY_UILaunchScreen_Generation = YES;
				INFOPLIST_KEY_UIStatusBarStyle = UIStatusBarStyleDarkContent;
				INFOPLIST_KEY_UISupportedInterfaceOrientations_iPad = "UIInterfaceOrientationPortrait UIInterfaceOrientationPortraitUpsideDown UIInterfaceOrientationLandscapeLeft UIInterfaceOrientationLandscapeRight";
				INFOPLIST_KEY_UISupportedInterfaceOrientations_iPhone = "UIInterfaceOrientationPortrait UIInterfaceOrientationLandscapeLeft UIInterfaceOrientationLandscapeRight";
				IPHONEOS_DEPLOYMENT_TARGET = 17.0;
				LD_RUNPATH_SEARCH_PATHS = (
					"$(inherited)",
					"@executable_path/Frameworks",
				);
				MARKETING_VERSION = 1.0;
				PRODUCT_BUNDLE_IDENTIFIER = com.andrew.ForgetLess;
				PRODUCT_NAME = "$(TARGET_NAME)";
				SWIFT_EMIT_LOC_STRINGS = YES;
				SWIFT_UPCOMING_FEATURE_EXISTENTIAL_ANY = YES;
				SWIFT_UPCOMING_FEATURE_INTERNAL_IMPORTS_BY_DEFAULT = YES;
				SWIFT_VERSION = 6.0;
				TARGETED_DEVICE_FAMILY = "1,2";
			};
			name = Release;
		};
		4972DE8A2D4EA34F00F0751D /* Debug */ = {
			isa = XCBuildConfiguration;
			buildSettings = {
				BUNDLE_LOADER = "$(TEST_HOST)";
				CODE_SIGN_STYLE = Automatic;
				CURRENT_PROJECT_VERSION = 1;
				DEVELOPMENT_TEAM = CP7QJ3G8V3;
				GENERATE_INFOPLIST_FILE = YES;
				IPHONEOS_DEPLOYMENT_TARGET = 18.2;
				MARKETING_VERSION = 1.0;
				PRODUCT_BUNDLE_IDENTIFIER = com.andrew.ForgetLessTests;
				PRODUCT_NAME = "$(TARGET_NAME)";
				SWIFT_EMIT_LOC_STRINGS = NO;
				SWIFT_VERSION = 5.0;
				TARGETED_DEVICE_FAMILY = "1,2";
				TEST_HOST = "$(BUILT_PRODUCTS_DIR)/ForgetLess.app/$(BUNDLE_EXECUTABLE_FOLDER_PATH)/ForgetLess";
			};
			name = Debug;
		};
		4972DE8B2D4EA34F00F0751D /* Release */ = {
			isa = XCBuildConfiguration;
			buildSettings = {
				BUNDLE_LOADER = "$(TEST_HOST)";
				CODE_SIGN_STYLE = Automatic;
				CURRENT_PROJECT_VERSION = 1;
				DEVELOPMENT_TEAM = CP7QJ3G8V3;
				GENERATE_INFOPLIST_FILE = YES;
				IPHONEOS_DEPLOYMENT_TARGET = 18.2;
				MARKETING_VERSION = 1.0;
				PRODUCT_BUNDLE_IDENTIFIER = com.andrew.ForgetLessTests;
				PRODUCT_NAME = "$(TARGET_NAME)";
				SWIFT_EMIT_LOC_STRINGS = NO;
				SWIFT_VERSION = 5.0;
				TARGETED_DEVICE_FAMILY = "1,2";
				TEST_HOST = "$(BUILT_PRODUCTS_DIR)/ForgetLess.app/$(BUNDLE_EXECUTABLE_FOLDER_PATH)/ForgetLess";
			};
			name = Release;
		};
		4972DE8D2D4EA34F00F0751D /* Debug */ = {
			isa = XCBuildConfiguration;
			buildSettings = {
				CODE_SIGN_STYLE = Automatic;
				CURRENT_PROJECT_VERSION = 1;
				DEVELOPMENT_TEAM = CP7QJ3G8V3;
				GENERATE_INFOPLIST_FILE = YES;
				MARKETING_VERSION = 1.0;
				PRODUCT_BUNDLE_IDENTIFIER = com.andrew.ForgetLessUITests;
				PRODUCT_NAME = "$(TARGET_NAME)";
				SWIFT_EMIT_LOC_STRINGS = NO;
				SWIFT_VERSION = 5.0;
				TARGETED_DEVICE_FAMILY = "1,2";
				TEST_TARGET_NAME = ForgetLess;
			};
			name = Debug;
		};
		4972DE8E2D4EA34F00F0751D /* Release */ = {
			isa = XCBuildConfiguration;
			buildSettings = {
				CODE_SIGN_STYLE = Automatic;
				CURRENT_PROJECT_VERSION = 1;
				DEVELOPMENT_TEAM = CP7QJ3G8V3;
				GENERATE_INFOPLIST_FILE = YES;
				MARKETING_VERSION = 1.0;
				PRODUCT_BUNDLE_IDENTIFIER = com.andrew.ForgetLessUITests;
				PRODUCT_NAME = "$(TARGET_NAME)";
				SWIFT_EMIT_LOC_STRINGS = NO;
				SWIFT_VERSION = 5.0;
				TARGETED_DEVICE_FAMILY = "1,2";
				TEST_TARGET_NAME = ForgetLess;
			};
			name = Release;
		};
/* End XCBuildConfiguration section */

/* Begin XCConfigurationList section */
		4972DE5D2D4EA34E00F0751D /* Build configuration list for PBXProject "ForgetLess" */ = {
			isa = XCConfigurationList;
			buildConfigurations = (
				4972DE842D4EA34F00F0751D /* Debug */,
				4972DE852D4EA34F00F0751D /* Release */,
			);
			defaultConfigurationIsVisible = 0;
			defaultConfigurationName = Release;
		};
		4972DE862D4EA34F00F0751D /* Build configuration list for PBXNativeTarget "ForgetLess" */ = {
			isa = XCConfigurationList;
			buildConfigurations = (
				4972DE872D4EA34F00F0751D /* Debug */,
				4972DE882D4EA34F00F0751D /* Release */,
			);
			defaultConfigurationIsVisible = 0;
			defaultConfigurationName = Release;
		};
		4972DE892D4EA34F00F0751D /* Build configuration list for PBXNativeTarget "ForgetLessTests" */ = {
			isa = XCConfigurationList;
			buildConfigurations = (
				4972DE8A2D4EA34F00F0751D /* Debug */,
				4972DE8B2D4EA34F00F0751D /* Release */,
			);
			defaultConfigurationIsVisible = 0;
			defaultConfigurationName = Release;
		};
		4972DE8C2D4EA34F00F0751D /* Build configuration list for PBXNativeTarget "ForgetLessUITests" */ = {
			isa = XCConfigurationList;
			buildConfigurations = (
				4972DE8D2D4EA34F00F0751D /* Debug */,
				4972DE8E2D4EA34F00F0751D /* Release */,
			);
			defaultConfigurationIsVisible = 0;
			defaultConfigurationName = Release;
		};
/* End XCConfigurationList section */
	};
	rootObject = 4972DE5A2D4EA34E00F0751D /* Project object */;
}
